{
  "name": "amd-modules",
  "version": "1.0.0",
  "lockfileVersion": 3,
  "requires": true,
  "packages": {
    "": {
      "name": "amd-modules",
      "version": "1.0.0",
      "license": "ISC",
      "dependencies": {
        "@types/requirejs": "^2.1.34",
        "lodash": "^4.17.21"
      },
      "devDependencies": {
        "@types/lodash": "^4.14.194",
        "@types/node": "^20.2.1"
      }
    },
    "node_modules/@types/lodash": {
      "version": "4.14.194",
      "resolved": "https://registry.npmjs.org/@types/lodash/-/lodash-4.14.194.tgz",
      "integrity": "sha512-r22s9tAS7imvBt2lyHC9B8AGwWnXaYb1tY09oyLkXDs4vArpYJzw09nj8MLx5VfciBPGIb+ZwG0ssYnEPJxn/g==",
      "dev": true
    },
    "node_modules/@types/node": {
      "version": "20.2.1",
      "resolved": "https://registry.npmjs.org/@types/node/-/node-20.2.1.tgz",
      "integrity": "sha512-DqJociPbZP1lbZ5SQPk4oag6W7AyaGMO6gSfRwq3PWl4PXTwJpRQJhDq4W0kzrg3w6tJ1SwlvGZ5uKFHY13LIg==",
      "dev": true
    },
    "node_modules/@types/requirejs": {
      "version": "2.1.34",
      "resolved": "https://registry.npmjs.org/@types/requirejs/-/requirejs-2.1.34.tgz",
      "integrity": "sha512-iQLGNE1DyIRYih60B47l/hI5X7J0wAnnRBL6Yn85GUYQg8Fm3wl8kvT6NRwncKroUOSx7/lbAagIFNV7y02DiQ=="
    },
    "node_modules/lodash": {
      "version": "4.17.21",
      "resolved": "https://registry.npmjs.org/lodash/-/lodash-4.17.21.tgz",
      "integrity": "sha512-v2kDEe57lecTulaDIuNTPy3Ry4gLGJ6Z1O3vE1krgXZNrsQ+LFTGHVxVjcXPs17LhbZVGedAJv8XZ1tvj5FvSg=="
    }
  }
}
